
Microsoft Visual Studio Solution File, Format Version 12.00
# Visual Studio Version 16
VisualStudioVersion = 16.0.31019.35
MinimumVisualStudioVersion = 10.0.40219.1
Project("{FAE04EC0-301F-11D3-BF4B-00C04F79EFBC}") = "ConsoleApp3", "ConsoleApp3\ConsoleApp3.csproj", "{6A9C29FE-1175-4833-A67A-5EDA0263B362}"
EndProject
Global
	GlobalSection(SolutionConfigurationPlatforms) = preSolution
		Debug|Any CPU = Debug|Any CPU
		Release|Any CPU = Release|Any CPU
	EndGlobalSection
	GlobalSection(ProjectConfigurationPlatforms) = postSolution
		{6A9C29FE-1175-4833-A67A-5EDA0263B362}.Debug|Any CPU.ActiveCfg = Debug|Any CPU
		{6A9C29FE-1175-4833-A67A-5EDA0263B362}.Debug|Any CPU.Build.0 = Debug|Any CPU
		{6A9C29FE-1175-4833-A67A-5EDA0263B362}.Release|Any CPU.ActiveCfg = Release|Any CPU
		{6A9C29FE-1175-4833-A67A-5EDA0263B362}.Release|Any CPU.Build.0 = Release|Any CPU
	EndGlobalSection
	GlobalSection(SolutionProperties) = preSolution
		HideSolutionNode = FALSE
	EndGlobalSection
	GlobalSection(ExtensibilityGlobals) = postSolution
		SolutionGuid = {55C24AFA-D45C-4A42-A6EE-0B73BAEC1634}
	EndGlobalSection
EndGlobal
